// !$*UTF8*$!
{
	archiveVersion = 1;
	classes = {
	};
	objectVersion = 46;
	objects = {

/* Begin PBXBuildFile section */
		3CEEC3B61D7D722300BAFED1 /* AppDelegate.swift in Sources */ = {isa = PBXBuildFile; fileRef = 3CEEC3B51D7D722300BAFED1 /* AppDelegate.swift */; };
		3CEEC3BF1D7D722400BAFED1 /* Assets.xcassets in Resources */ = {isa = PBXBuildFile; fileRef = 3CEEC3BE1D7D722400BAFED1 /* Assets.xcassets */; };
		3CEEC3C21D7D722400BAFED1 /* LaunchScreen.storyboard in Resources */ = {isa = PBXBuildFile; fileRef = 3CEEC3C01D7D722400BAFED1 /* LaunchScreen.storyboard */; };
		3CEEC3CD1D7D722400BAFED1 /* TableUITests.swift in Sources */ = {isa = PBXBuildFile; fileRef = 3CEEC3CC1D7D722400BAFED1 /* TableUITests.swift */; };
		3CEEC3D81D7D859500BAFED1 /* DumpTable.swift in Sources */ = {isa = PBXBuildFile; fileRef = 3CEEC3D71D7D859500BAFED1 /* DumpTable.swift */; };
/* End PBXBuildFile section */

/* Begin PBXContainerItemProxy section */
		3CEEC3C91D7D722400BAFED1 /* PBXContainerItemProxy */ = {
			isa = PBXContainerItemProxy;
			containerPortal = 3CEEC3AA1D7D722300BAFED1 /* Project object */;
			proxyType = 1;
			remoteGlobalIDString = 3CEEC3B11D7D722300BAFED1;
			remoteInfo = Table;
		};
/* End PBXContainerItemProxy section */

/* Begin PBXFileReference section */
		3CEEC3B21D7D722300BAFED1 /* Table.app */ = {isa = PBXFileReference; explicitFileType = wrapper.application; includeInIndex = 0; path = Table.app; sourceTree = BUILT_PRODUCTS_DIR; };
		3CEEC3B51D7D722300BAFED1 /* AppDelegate.swift */ = {isa = PBXFileReference; lastKnownFileType = sourcecode.swift; path = AppDelegate.swift; sourceTree = "<group>"; };
		3CEEC3BE1D7D722400BAFED1 /* Assets.xcassets */ = {isa = PBXFileReference; lastKnownFileType = folder.assetcatalog; path = Assets.xcassets; sourceTree = "<group>"; };
		3CEEC3C11D7D722400BAFED1 /* Base */ = {isa = PBXFileReference; lastKnownFileType = file.storyboard; name = Base; path = Base.lproj/LaunchScreen.storyboard; sourceTree = "<group>"; };
		3CEEC3C31D7D722400BAFED1 /* Info.plist */ = {isa = PBXFileReference; lastKnownFileType = text.plist.xml; path = Info.plist; sourceTree = "<group>"; };
		3CEEC3C81D7D722400BAFED1 /* TableUITests.xctest */ = {isa = PBXFileReference; explicitFileType = wrapper.cfbundle; includeInIndex = 0; path = TableUITests.xctest; sourceTree = BUILT_PRODUCTS_DIR; };
		3CEEC3CC1D7D722400BAFED1 /* TableUITests.swift */ = {isa = PBXFileReference; lastKnownFileType = sourcecode.swift; path = TableUITests.swift; sourceTree = "<group>"; };
		3CEEC3CE1D7D722400BAFED1 /* Info.plist */ = {isa = PBXFileReference; lastKnownFileType = text.plist.xml; path = Info.plist; sourceTree = "<group>"; };
		3CEEC3D71D7D859500BAFED1 /* DumpTable.swift */ = {isa = PBXFileReference; fileEncoding = 4; lastKnownFileType = sourcecode.swift; path = DumpTable.swift; sourceTree = "<group>"; };
/* End PBXFileReference section */

/* Begin PBXFrameworksBuildPhase section */
		3CEEC3AF1D7D722300BAFED1 /* Frameworks */ = {
			isa = PBXFrameworksBuildPhase;
			buildActionMask = 2147483647;
			files = (
			);
			runOnlyForDeploymentPostprocessing = 0;
		};
		3CEEC3C51D7D722400BAFED1 /* Frameworks */ = {
			isa = PBXFrameworksBuildPhase;
			buildActionMask = 2147483647;
			files = (
			);
			runOnlyForDeploymentPostprocessing = 0;
		};
/* End PBXFrameworksBuildPhase section */

/* Begin PBXGroup section */
		3CEEC3A91D7D722300BAFED1 = {
			isa = PBXGroup;
			children = (
				3CEEC3B41D7D722300BAFED1 /* Table */,
				3CEEC3CB1D7D722400BAFED1 /* TableUITests */,
				3CEEC3B31D7D722300BAFED1 /* Products */,
			);
			sourceTree = "<group>";
		};
		3CEEC3B31D7D722300BAFED1 /* Products */ = {
			isa = PBXGroup;
			children = (
				3CEEC3B21D7D722300BAFED1 /* Table.app */,
				3CEEC3C81D7D722400BAFED1 /* TableUITests.xctest */,
			);
			name = Products;
			sourceTree = "<group>";
		};
		3CEEC3B41D7D722300BAFED1 /* Table */ = {
			isa = PBXGroup;
			children = (
				3CEEC3B51D7D722300BAFED1 /* AppDelegate.swift */,
				3CEEC3BE1D7D722400BAFED1 /* Assets.xcassets */,
				3CEEC3C01D7D722400BAFED1 /* LaunchScreen.storyboard */,
				3CEEC3C31D7D722400BAFED1 /* Info.plist */,
				3CEEC3D71D7D859500BAFED1 /* DumpTable.swift */,
			);
			path = Table;
			sourceTree = "<group>";
		};
		3CEEC3CB1D7D722400BAFED1 /* TableUITests */ = {
			isa = PBXGroup;
			children = (
				3CEEC3CC1D7D722400BAFED1 /* TableUITests.swift */,
				3CEEC3CE1D7D722400BAFED1 /* Info.plist */,
			);
			path = TableUITests;
			sourceTree = "<group>";
		};
/* End PBXGroup section */

/* Begin PBXNativeTarget section */
		3CEEC3B11D7D722300BAFED1 /* Table */ = {
			isa = PBXNativeTarget;
			buildConfigurationList = 3CEEC3D11D7D722400BAFED1 /* Build configuration list for PBXNativeTarget "Table" */;
			buildPhases = (
				3CEEC3AE1D7D722300BAFED1 /* Sources */,
				3CEEC3AF1D7D722300BAFED1 /* Frameworks */,
				3CEEC3B01D7D722300BAFED1 /* Resources */,
			);
			buildRules = (
			);
			dependencies = (
			);
			name = Table;
			productName = Table;
			productReference = 3CEEC3B21D7D722300BAFED1 /* Table.app */;
			productType = "com.apple.product-type.application";
		};
		3CEEC3C71D7D722400BAFED1 /* TableUITests */ = {
			isa = PBXNativeTarget;
			buildConfigurationList = 3CEEC3D41D7D722400BAFED1 /* Build configuration list for PBXNativeTarget "TableUITests" */;
			buildPhases = (
				3CEEC3C41D7D722400BAFED1 /* Sources */,
				3CEEC3C51D7D722400BAFED1 /* Frameworks */,
				3CEEC3C61D7D722400BAFED1 /* Resources */,
			);
			buildRules = (
			);
			dependencies = (
				3CEEC3CA1D7D722400BAFED1 /* PBXTargetDependency */,
			);
			name = TableUITests;
			productName = TableUITests;
			productReference = 3CEEC3C81D7D722400BAFED1 /* TableUITests.xctest */;
			productType = "com.apple.product-type.bundle.ui-testing";
		};
/* End PBXNativeTarget section */

/* Begin PBXProject section */
		3CEEC3AA1D7D722300BAFED1 /* Project object */ = {
			isa = PBXProject;
			attributes = {
				LastSwiftUpdateCheck = 0730;
				LastUpgradeCheck = 0730;
				ORGANIZATIONNAME = "Top Affiliate Publishing";
				TargetAttributes = {
					3CEEC3B11D7D722300BAFED1 = {
						CreatedOnToolsVersion = 7.3.1;
					};
					3CEEC3C71D7D722400BAFED1 = {
						CreatedOnToolsVersion = 7.3.1;
						TestTargetID = 3CEEC3B11D7D722300BAFED1;
					};
				};
			};
			buildConfigurationList = 3CEEC3AD1D7D722300BAFED1 /* Build configuration list for PBXProject "Table" */;
			compatibilityVersion = "Xcode 3.2";
			developmentRegion = English;
			hasScannedForEncodings = 0;
			knownRegions = (
				en,
				Base,
			);
			mainGroup = 3CEEC3A91D7D722300BAFED1;
			productRefGroup = 3CEEC3B31D7D722300BAFED1 /* Products */;
			projectDirPath = "";
			projectRoot = "";
			targets = (
				3CEEC3B11D7D722300BAFED1 /* Table */,
				3CEEC3C71D7D722400BAFED1 /* TableUITests */,
			);
		};
/* End PBXProject section */

/* Begin PBXResourcesBuildPhase section */
		3CEEC3B01D7D722300BAFED1 /* Resources */ = {
			isa = PBXResourcesBuildPhase;
			buildActionMask = 2147483647;
			files = (
				3CEEC3C21D7D722400BAFED1 /* LaunchScreen.storyboard in Resources */,
				3CEEC3BF1D7D722400BAFED1 /* Assets.xcassets in Resources */,
			);
			runOnlyForDeploymentPostprocessing = 0;
		};
		3CEEC3C61D7D722400BAFED1 /* Resources */ = {
			isa = PBXResourcesBuildPhase;
			buildActionMask = 2147483647;
			files = (
			);
			runOnlyForDeploymentPostprocessing = 0;
		};
/* End PBXResourcesBuildPhase section */

/* Begin PBXSourcesBuildPhase section */
		3CEEC3AE1D7D722300BAFED1 /* Sources */ = {
			isa = PBXSourcesBuildPhase;
			buildActionMask = 2147483647;
			files = (
				3CEEC3D81D7D859500BAFED1 /* DumpTable.swift in Sources */,
				3CEEC3B61D7D722300BAFED1 /* AppDelegate.swift in Sources */,
			);
			runOnlyForDeploymentPostprocessing = 0;
		};
		3CEEC3C41D7D722400BAFED1 /* Sources */ = {
			isa = PBXSourcesBuildPhase;
			buildActionMask = 2147483647;
			files = (
				3CEEC3CD1D7D722400BAFED1 /* TableUITests.swift in Sources */,
			);
			runOnlyForDeploymentPostprocessing = 0;
		};
/* End PBXSourcesBuildPhase section */

/* Begin PBXTargetDependency section */
		3CEEC3CA1D7D722400BAFED1 /* PBXTargetDependency */ = {
			isa = PBXTargetDependency;
			target = 3CEEC3B11D7D722300BAFED1 /* Table */;
			targetProxy = 3CEEC3C91D7D722400BAFED1 /* PBXContainerItemProxy */;
		};
/* End PBXTargetDependency section */

/* Begin PBXVariantGroup section */
		3CEEC3C01D7D722400BAFED1 /* LaunchScreen.storyboard */ = {
			isa = PBXVariantGroup;
			children = (
				3CEEC3C11D7D722400BAFED1 /* Base */,
			);
			name = LaunchScreen.storyboard;
			sourceTree = "<group>";
		};
/* End PBXVariantGroup section */

/* Begin XCBuildConfiguration section */
		3CEEC3CF1D7D722400BAFED1 /* Debug */ = {
			isa = XCBuildConfiguration;
			buildSettings = {
				ALWAYS_SEARCH_USER_PATHS = NO;
				CLANG_ANALYZER_NONNULL = YES;
				CLANG_CXX_LANGUAGE_STANDARD = "gnu++0x";
				CLANG_CXX_LIBRARY = "libc++";
				CLANG_ENABLE_MODULES = YES;
				CLANG_ENABLE_OBJC_ARC = YES;
				CLANG_WARN_BOOL_CONVERSION = YES;
				CLANG_WARN_CONSTANT_CONVERSION = YES;
				CLANG_WARN_DIRECT_OBJC_ISA_USAGE = YES_ERROR;
				CLANG_WARN_EMPTY_BODY = YES;
				CLANG_WARN_ENUM_CONVERSION = YES;
				CLANG_WARN_INT_CONVERSION = YES;
				CLANG_WARN_OBJC_ROOT_CLASS = YES_ERROR;
				CLANG_WARN_UNREACHABLE_CODE = YES;
				CLANG_WARN__DUPLICATE_METHOD_MATCH = YES;
				"CODE_SIGN_IDENTITY[sdk=iphoneos*]" = "iPhone Developer";
				COPY_PHASE_STRIP = NO;
				DEBUG_INFORMATION_FORMAT = dwarf;
				ENABLE_STRICT_OBJC_MSGSEND = YES;
				ENABLE_TESTABILITY = YES;
				GCC_C_LANGUAGE_STANDARD = gnu99;
				GCC_DYNAMIC_NO_PIC = NO;
				GCC_NO_COMMON_BLOCKS = YES;
				GCC_OPTIMIZATION_LEVEL = 0;
				GCC_PREPROCESSOR_DEFINITIONS = (
					"DEBUG=1",
					"$(inherited)",
				);
				GCC_WARN_64_TO_32_BIT_CONVERSION = YES;
				GCC_WARN_ABOUT_RETURN_TYPE = YES_ERROR;
				GCC_WARN_UNDECLARED_SELECTOR = YES;
				GCC_WARN_UNINITIALIZED_AUTOS = YES_AGGRESSIVE;
				GCC_WARN_UNUSED_FUNCTION = YES;
				GCC_WARN_UNUSED_VARIABLE = YES;
				IPHONEOS_DEPLOYMENT_TARGET = 9.3;
				MTL_ENABLE_DEBUG_INFO = YES;
				ONLY_ACTIVE_ARCH = YES;
				SDKROOT = iphoneos;
				SWIFT_OPTIMIZATION_LEVEL = "-Onone";
			};
			name = Debug;
		};
		3CEEC3D01D7D722400BAFED1 /* Release */ = {
			isa = XCBuildConfiguration;
			buildSettings = {
				ALWAYS_SEARCH_USER_PATHS = NO;
				CLANG_ANALYZER_NONNULL = YES;
				CLANG_CXX_LANGUAGE_STANDARD = "gnu++0x";
				CLANG_CXX_LIBRARY = "libc++";
				CLANG_ENABLE_MODULES = YES;
				CLANG_ENABLE_OBJC_ARC = YES;
				CLANG_WARN_BOOL_CONVERSION = YES;
				CLANG_WARN_CONSTANT_CONVERSION = YES;
				CLANG_WARN_DIRECT_OBJC_ISA_USAGE = YES_ERROR;
				CLANG_WARN_EMPTY_BODY = YES;
				CLANG_WARN_ENUM_CONVERSION = YES;
				CLANG_WARN_INT_CONVERSION = YES;
				CLANG_WARN_OBJC_ROOT_CLASS = YES_ERROR;
				CLANG_WARN_UNREACHABLE_CODE = YES;
				CLANG_WARN__DUPLICATE_METHOD_MATCH = YES;
				"CODE_SIGN_IDENTITY[sdk=iphoneos*]" = "iPhone Developer";
				COPY_PHASE_STRIP = NO;
				DEBUG_INFORMATION_FORMAT = "dwarf-with-dsym";
				ENABLE_NS_ASSERTIONS = NO;
				ENABLE_STRICT_OBJC_MSGSEND = YES;
				GCC_C_LANGUAGE_STANDARD = gnu99;
				GCC_NO_COMMON_BLOCKS = YES;
				GCC_WARN_64_TO_32_BIT_CONVERSION = YES;
				GCC_WARN_ABOUT_RETURN_TYPE = YES_ERROR;
				GCC_WARN_UNDECLARED_SELECTOR = YES;
				GCC_WARN_UNINITIALIZED_AUTOS = YES_AGGRESSIVE;
				GCC_WARN_UNUSED_FUNCTION = YES;
				GCC_WARN_UNUSED_VARIABLE = YES;
				IPHONEOS_DEPLOYMENT_TARGET = 9.3;
				MTL_ENABLE_DEBUG_INFO = NO;
				SDKROOT = iphoneos;
				VALIDATE_PRODUCT = YES;
			};
			name = Release;
		};
		3CEEC3D21D7D722400BAFED1 /* Debug */ = {
			isa = XCBuildConfiguration;
			buildSettings = {
				ASSETCATALOG_COMPILER_APPICON_NAME = AppIcon;
				INFOPLIST_FILE = Table/Info.plist;
				LD_RUNPATH_SEARCH_PATHS = "$(inherited) @executable_path/Frameworks";
				PRODUCT_BUNDLE_IDENTIFIER = com.topaffiliatepublishing.Livescore.Table;
				PRODUCT_NAME = "$(TARGET_NAME)";
			};
			name = Debug;
		};
		3CEEC3D31D7D722400BAFED1 /* Release */ = {
			isa = XCBuildConfiguration;
			buildSettings = {
				ASSETCATALOG_COMPILER_APPICON_NAME = AppIcon;
				INFOPLIST_FILE = Table/Info.plist;
				LD_RUNPATH_SEARCH_PATHS = "$(inherited) @executable_path/Frameworks";
				PRODUCT_BUNDLE_IDENTIFIER = com.topaffiliatepublishing.Livescore.Table;
				PRODUCT_NAME = "$(TARGET_NAME)";
			};
			name = Release;
		};
		3CEEC3D51D7D722400BAFED1 /* Debug */ = {
			isa = XCBuildConfiguration;
			buildSettings = {
				INFOPLIST_FILE = TableUITests/Info.plist;
				LD_RUNPATH_SEARCH_PATHS = "$(inherited) @executable_path/Frameworks @loader_path/Frameworks";
				PRODUCT_BUNDLE_IDENTIFIER = com.topaffiliatepublishing.Livescore.TableUITests;
				PRODUCT_NAME = "$(TARGET_NAME)";
				TEST_TARGET_NAME = Table;
			};
			name = Debug;
		};
		3CEEC3D61D7D722400BAFED1 /* Release */ = {
			isa = XCBuildConfiguration;
			buildSettings = {
				INFOPLIST_FILE = TableUITests/Info.plist;
				LD_RUNPATH_SEARCH_PATHS = "$(inherited) @executable_path/Frameworks @loader_path/Frameworks";
				PRODUCT_BUNDLE_IDENTIFIER = com.topaffiliatepublishing.Livescore.TableUITests;
				PRODUCT_NAME = "$(TARGET_NAME)";
				TEST_TARGET_NAME = Table;
			};
			name = Release;
		};
/* End XCBuildConfiguration section */

/* Begin XCConfigurationList section */
		3CEEC3AD1D7D722300BAFED1 /* Build configuration list for PBXProject "Table" */ = {
			isa = XCConfigurationList;
			buildConfigurations = (
				3CEEC3CF1D7D722400BAFED1 /* Debug */,
				3CEEC3D01D7D722400BAFED1 /* Release */,
			);
			defaultConfigurationIsVisible = 0;
			defaultConfigurationName = Release;
		};
		3CEEC3D11D7D722400BAFED1 /* Build configuration list for PBXNativeTarget "Table" */ = {
			isa = XCConfigurationList;
			buildConfigurations = (
				3CEEC3D21D7D722400BAFED1 /* Debug */,
				3CEEC3D31D7D722400BAFED1 /* Release */,
			);
			defaultConfigurationIsVisible = 0;
			defaultConfigurationName = Release;
		};
		3CEEC3D41D7D722400BAFED1 /* Build configuration list for PBXNativeTarget "TableUITests" */ = {
			isa = XCConfigurationList;
			buildConfigurations = (
				3CEEC3D51D7D722400BAFED1 /* Debug */,
				3CEEC3D61D7D722400BAFED1 /* Release */,
			);
			defaultConfigurationIsVisible = 0;
			defaultConfigurationName = Release;
		};
/* End XCConfigurationList section */
	};
	rootObject = 3CEEC3AA1D7D722300BAFED1 /* Project object */;
}
